{
  "version": 4,
  "terraform_version": "1.5.3",
  "serial": 223,
  "lineage": "5e61385b-ea78-f2bd-b3cd-2bf2053d8710",
  "outputs": {},
  "resources": [
    {
      "module": "module.records_46ki75_com",
      "mode": "data",
      "type": "aws_route53_zone",
      "name": "this",
      "provider": "provider[\"registry.terraform.io/hashicorp/aws\"]",
      "instances": [
        {
          "index_key": 0,
          "schema_version": 0,
          "attributes": {
            "arn": "arn:aws:route53:::hostedzone/Z02395321SCYI1K0FXKWB",
            "caller_reference": "289ba2c9-7560-4b2d-9e67-cf409438c078",
            "comment": "This host zone's records are managed by Terraform, excluding SOA and NS records.",
            "id": "Z02395321SCYI1K0FXKWB",
            "linked_service_description": null,
            "linked_service_principal": null,
            "name": "46ki75.com",
            "name_servers": [
              "ns-831.awsdns-39.net",
              "ns-1191.awsdns-20.org",
              "ns-1666.awsdns-16.co.uk",
              "ns-199.awsdns-24.com"
            ],
            "primary_name_server": "ns-831.awsdns-39.net",
            "private_zone": false,
            "resource_record_set_count": 20,
            "tags": {},
            "vpc_id": null,
            "zone_id": "Z02395321SCYI1K0FXKWB"
          },
          "sensitive_attributes": []
        }
      ]
    },
    {
      "module": "module.records_46ki75_com",
      "mode": "managed",
      "type": "aws_route53_record",
      "name": "this",
      "provider": "provider[\"registry.terraform.io/hashicorp/aws\"]",
      "instances": [
        {
          "index_key": " A",
          "schema_version": 2,
          "attributes": {
            "alias": [],
            "allow_overwrite": false,
            "cidr_routing_policy": [],
            "failover_routing_policy": [],
            "fqdn": "46ki75.com",
            "geolocation_routing_policy": [],
            "health_check_id": "",
            "id": "Z02395321SCYI1K0FXKWB_46ki75.com_A",
            "latency_routing_policy": [],
            "multivalue_answer_routing_policy": false,
            "name": "46ki75.com",
            "records": [
              "157.7.206.73"
            ],
            "set_identifier": "",
            "ttl": 3600,
            "type": "A",
            "weighted_routing_policy": [],
            "zone_id": "Z02395321SCYI1K0FXKWB"
          },
          "sensitive_attributes": [],
          "private": "eyJzY2hlbWFfdmVyc2lvbiI6IjIifQ==",
          "dependencies": [
            "module.records_46ki75_com.data.aws_route53_zone.this"
          ]
        },
        {
          "index_key": " MX",
          "schema_version": 2,
          "attributes": {
            "alias": [],
            "allow_overwrite": false,
            "cidr_routing_policy": [],
            "failover_routing_policy": [],
            "fqdn": "46ki75.com",
            "geolocation_routing_policy": [],
            "health_check_id": "",
            "id": "Z02395321SCYI1K0FXKWB_46ki75.com_MX",
            "latency_routing_policy": [],
            "multivalue_answer_routing_policy": false,
            "name": "46ki75.com",
            "records": [
              "1 ASPMX.L.GOOGLE.COM",
              "10 ALT3.ASPMX.L.GOOGLE.COM",
              "10 ALT4.ASPMX.L.GOOGLE.COM",
              "5 ALT1.ASPMX.L.GOOGLE.COM",
              "5 ALT2.ASPMX.L.GOOGLE.COM"
            ],
            "set_identifier": "",
            "ttl": 3600,
            "type": "MX",
            "weighted_routing_policy": [],
            "zone_id": "Z02395321SCYI1K0FXKWB"
          },
          "sensitive_attributes": [],
          "private": "eyJzY2hlbWFfdmVyc2lvbiI6IjIifQ==",
          "dependencies": [
            "module.records_46ki75_com.data.aws_route53_zone.this"
          ]
        },
        {
          "index_key": " TXT",
          "schema_version": 2,
          "attributes": {
            "alias": [],
            "allow_overwrite": false,
            "cidr_routing_policy": [],
            "failover_routing_policy": [],
            "fqdn": "46ki75.com",
            "geolocation_routing_policy": [],
            "health_check_id": "",
            "id": "Z02395321SCYI1K0FXKWB_46ki75.com_TXT",
            "latency_routing_policy": [],
            "multivalue_answer_routing_policy": false,
            "name": "46ki75.com",
            "records": [
              "google-site-verification=aR0pJV9ZdkMUbANgaKTpaXhuhPh5Y4-VfuQRURYJ-U8",
              "v=spf1 include:_spf.google.com ~all",
              "zoho-verification=zb28160163.zmverify.zoho.jp"
            ],
            "set_identifier": "",
            "ttl": 3600,
            "type": "TXT",
            "weighted_routing_policy": [],
            "zone_id": "Z02395321SCYI1K0FXKWB"
          },
          "sensitive_attributes": [],
          "private": "eyJzY2hlbWFfdmVyc2lvbiI6IjIifQ==",
          "dependencies": [
            "module.records_46ki75_com.data.aws_route53_zone.this"
          ]
        },
        {
          "index_key": "_dmarc TXT",
          "schema_version": 2,
          "attributes": {
            "alias": [],
            "allow_overwrite": false,
            "cidr_routing_policy": [],
            "failover_routing_policy": [],
            "fqdn": "_dmarc.46ki75.com",
            "geolocation_routing_policy": [],
            "health_check_id": "",
            "id": "Z02395321SCYI1K0FXKWB__dmarc.46ki75.com_TXT",
            "latency_routing_policy": [],
            "multivalue_answer_routing_policy": false,
            "name": "_dmarc.46ki75.com",
            "records": [
              "v=DMARC1; p=quarantine; rua=mailto:dmarc-reports@46ki75.com"
            ],
            "set_identifier": "",
            "ttl": 300,
            "type": "TXT",
            "weighted_routing_policy": [],
            "zone_id": "Z02395321SCYI1K0FXKWB"
          },
          "sensitive_attributes": [],
          "private": "eyJzY2hlbWFfdmVyc2lvbiI6IjIifQ==",
          "dependencies": [
            "module.records_46ki75_com.data.aws_route53_zone.this"
          ]
        },
        {
          "index_key": "_mta-sts TXT",
          "schema_version": 2,
          "attributes": {
            "alias": [],
            "allow_overwrite": false,
            "cidr_routing_policy": [],
            "failover_routing_policy": [],
            "fqdn": "_mta-sts.46ki75.com",
            "geolocation_routing_policy": [],
            "health_check_id": "",
            "id": "Z02395321SCYI1K0FXKWB__mta-sts.46ki75.com_TXT",
            "latency_routing_policy": [],
            "multivalue_answer_routing_policy": false,
            "name": "_mta-sts.46ki75.com",
            "records": [
              "v=STSv1; id=20190425085700"
            ],
            "set_identifier": "",
            "ttl": 300,
            "type": "TXT",
            "weighted_routing_policy": [],
            "zone_id": "Z02395321SCYI1K0FXKWB"
          },
          "sensitive_attributes": [],
          "private": "eyJzY2hlbWFfdmVyc2lvbiI6IjIifQ==",
          "dependencies": [
            "module.records_46ki75_com.data.aws_route53_zone.this"
          ]
        },
        {
          "index_key": "_smtp TXT",
          "schema_version": 2,
          "attributes": {
            "alias": [],
            "allow_overwrite": false,
            "cidr_routing_policy": [],
            "failover_routing_policy": [],
            "fqdn": "_smtp.46ki75.com",
            "geolocation_routing_policy": [],
            "health_check_id": "",
            "id": "Z02395321SCYI1K0FXKWB__smtp.46ki75.com_TXT",
            "latency_routing_policy": [],
            "multivalue_answer_routing_policy": false,
            "name": "_smtp.46ki75.com",
            "records": [
              "v=TLSRPTv1; rua=mailto:tls-rpt@46ki75.com"
            ],
            "set_identifier": "",
            "ttl": 300,
            "type": "TXT",
            "weighted_routing_policy": [],
            "zone_id": "Z02395321SCYI1K0FXKWB"
          },
          "sensitive_attributes": [],
          "private": "eyJzY2hlbWFfdmVyc2lvbiI6IjIifQ==",
          "dependencies": [
            "module.records_46ki75_com.data.aws_route53_zone.this"
          ]
        },
        {
          "index_key": "admin A",
          "schema_version": 2,
          "attributes": {
            "alias": [],
            "allow_overwrite": false,
            "cidr_routing_policy": [],
            "failover_routing_policy": [],
            "fqdn": "admin.46ki75.com",
            "geolocation_routing_policy": [],
            "health_check_id": "",
            "id": "Z02395321SCYI1K0FXKWB_admin.46ki75.com_A",
            "latency_routing_policy": [],
            "multivalue_answer_routing_policy": false,
            "name": "admin.46ki75.com",
            "records": [
              "157.7.206.73"
            ],
            "set_identifier": "",
            "ttl": 300,
            "type": "A",
            "weighted_routing_policy": [],
            "zone_id": "Z02395321SCYI1K0FXKWB"
          },
          "sensitive_attributes": [],
          "private": "eyJzY2hlbWFfdmVyc2lvbiI6IjIifQ==",
          "dependencies": [
            "module.records_46ki75_com.data.aws_route53_zone.this"
          ]
        },
        {
          "index_key": "admin.www A",
          "schema_version": 2,
          "attributes": {
            "alias": [],
            "allow_overwrite": false,
            "cidr_routing_policy": [],
            "failover_routing_policy": [],
            "fqdn": "admin.www.46ki75.com",
            "geolocation_routing_policy": [],
            "health_check_id": "",
            "id": "Z02395321SCYI1K0FXKWB_admin.www.46ki75.com_A",
            "latency_routing_policy": [],
            "multivalue_answer_routing_policy": false,
            "name": "admin.www.46ki75.com",
            "records": [
              "157.7.206.73"
            ],
            "set_identifier": "",
            "ttl": 300,
            "type": "A",
            "weighted_routing_policy": [],
            "zone_id": "Z02395321SCYI1K0FXKWB"
          },
          "sensitive_attributes": [],
          "private": "eyJzY2hlbWFfdmVyc2lvbiI6IjIifQ==",
          "dependencies": [
            "module.records_46ki75_com.data.aws_route53_zone.this"
          ]
        },
        {
          "index_key": "angular A",
          "schema_version": 2,
          "attributes": {
            "alias": [],
            "allow_overwrite": false,
            "cidr_routing_policy": [],
            "failover_routing_policy": [],
            "fqdn": "angular.46ki75.com",
            "geolocation_routing_policy": [],
            "health_check_id": "",
            "id": "Z02395321SCYI1K0FXKWB_angular.46ki75.com_A",
            "latency_routing_policy": [],
            "multivalue_answer_routing_policy": false,
            "name": "angular.46ki75.com",
            "records": [
              "157.7.206.73"
            ],
            "set_identifier": "",
            "ttl": 300,
            "type": "A",
            "weighted_routing_policy": [],
            "zone_id": "Z02395321SCYI1K0FXKWB"
          },
          "sensitive_attributes": [],
          "private": "eyJzY2hlbWFfdmVyc2lvbiI6IjIifQ==",
          "dependencies": [
            "module.records_46ki75_com.data.aws_route53_zone.this"
          ]
        },
        {
          "index_key": "bulk A",
          "schema_version": 2,
          "attributes": {
            "alias": [],
            "allow_overwrite": false,
            "cidr_routing_policy": [],
            "failover_routing_policy": [],
            "fqdn": "bulk.46ki75.com",
            "geolocation_routing_policy": [],
            "health_check_id": "",
            "id": "Z02395321SCYI1K0FXKWB_bulk.46ki75.com_A",
            "latency_routing_policy": [],
            "multivalue_answer_routing_policy": false,
            "name": "bulk.46ki75.com",
            "records": [
              "157.7.202.115"
            ],
            "set_identifier": "",
            "ttl": 300,
            "type": "A",
            "weighted_routing_policy": [],
            "zone_id": "Z02395321SCYI1K0FXKWB"
          },
          "sensitive_attributes": [],
          "private": "eyJzY2hlbWFfdmVyc2lvbiI6IjIifQ==",
          "dependencies": [
            "module.records_46ki75_com.data.aws_route53_zone.this"
          ]
        },
        {
          "index_key": "dev.amplify A",
          "schema_version": 2,
          "attributes": {
            "alias": [],
            "allow_overwrite": false,
            "cidr_routing_policy": [],
            "failover_routing_policy": [],
            "fqdn": "dev.amplify.46ki75.com",
            "geolocation_routing_policy": [],
            "health_check_id": "",
            "id": "Z02395321SCYI1K0FXKWB_dev.amplify.46ki75.com_A",
            "latency_routing_policy": [],
            "multivalue_answer_routing_policy": false,
            "name": "dev.amplify.46ki75.com",
            "records": [
              "157.7.206.73"
            ],
            "set_identifier": "",
            "ttl": 300,
            "type": "A",
            "weighted_routing_policy": [],
            "zone_id": "Z02395321SCYI1K0FXKWB"
          },
          "sensitive_attributes": [],
          "private": "eyJzY2hlbWFfdmVyc2lvbiI6IjIifQ==",
          "dependencies": [
            "module.records_46ki75_com.data.aws_route53_zone.this"
          ]
        },
        {
          "index_key": "dynmap A",
          "schema_version": 2,
          "attributes": {
            "alias": [],
            "allow_overwrite": false,
            "cidr_routing_policy": [],
            "failover_routing_policy": [],
            "fqdn": "dynmap.46ki75.com",
            "geolocation_routing_policy": [],
            "health_check_id": "",
            "id": "Z02395321SCYI1K0FXKWB_dynmap.46ki75.com_A",
            "latency_routing_policy": [],
            "multivalue_answer_routing_policy": false,
            "name": "dynmap.46ki75.com",
            "records": [
              "157.7.202.115"
            ],
            "set_identifier": "",
            "ttl": 300,
            "type": "A",
            "weighted_routing_policy": [],
            "zone_id": "Z02395321SCYI1K0FXKWB"
          },
          "sensitive_attributes": [],
          "private": "eyJzY2hlbWFfdmVyc2lvbiI6IjIifQ==",
          "dependencies": [
            "module.records_46ki75_com.data.aws_route53_zone.this"
          ]
        },
        {
          "index_key": "google._domainkey.46ki75.com TXT",
          "schema_version": 2,
          "attributes": {
            "alias": [],
            "allow_overwrite": false,
            "cidr_routing_policy": [],
            "failover_routing_policy": [],
            "fqdn": "google._domainkey.46ki75.com.46ki75.com",
            "geolocation_routing_policy": [],
            "health_check_id": "",
            "id": "Z02395321SCYI1K0FXKWB_google._domainkey.46ki75.com.46ki75.com_TXT",
            "latency_routing_policy": [],
            "multivalue_answer_routing_policy": false,
            "name": "google._domainkey.46ki75.com.46ki75.com",
            "records": [
              "v=DKIM1; k=rsa; p=MIGfMA0GCSqGSIb3DQEBAQUAA4GNADCBiQKBgQC3jhN4rcZjLxJbUVqrpX8gBCU6G9QCPp3njHO1ehI3WKNz9gTdu/dM6rtZP2aep5zKNHf3OHPD5vF2r6WvoOIha+WWHZTri26n1eIzFGYgUM8FK6dSC/38kHd0YcRyJhW3vnKKB7zGFvOy1BmwPs/tS4+uTM+ImYcPJwEVOZdJ5QIDAQAB"
            ],
            "set_identifier": "",
            "ttl": 300,
            "type": "TXT",
            "weighted_routing_policy": [],
            "zone_id": "Z02395321SCYI1K0FXKWB"
          },
          "sensitive_attributes": [],
          "private": "eyJzY2hlbWFfdmVyc2lvbiI6IjIifQ==",
          "dependencies": [
            "module.records_46ki75_com.data.aws_route53_zone.this"
          ]
        },
        {
          "index_key": "imgtools A",
          "schema_version": 2,
          "attributes": {
            "alias": [],
            "allow_overwrite": false,
            "cidr_routing_policy": [],
            "failover_routing_policy": [],
            "fqdn": "imgtools.46ki75.com",
            "geolocation_routing_policy": [],
            "health_check_id": "",
            "id": "Z02395321SCYI1K0FXKWB_imgtools.46ki75.com_A",
            "latency_routing_policy": [],
            "multivalue_answer_routing_policy": false,
            "name": "imgtools.46ki75.com",
            "records": [
              "157.7.206.73"
            ],
            "set_identifier": "",
            "ttl": 300,
            "type": "A",
            "weighted_routing_policy": [],
            "zone_id": "Z02395321SCYI1K0FXKWB"
          },
          "sensitive_attributes": [],
          "private": "eyJzY2hlbWFfdmVyc2lvbiI6IjIifQ==",
          "dependencies": [
            "module.records_46ki75_com.data.aws_route53_zone.this"
          ]
        },
        {
          "index_key": "minecraft A",
          "schema_version": 2,
          "attributes": {
            "alias": [],
            "allow_overwrite": false,
            "cidr_routing_policy": [],
            "failover_routing_policy": [],
            "fqdn": "minecraft.46ki75.com",
            "geolocation_routing_policy": [],
            "health_check_id": "",
            "id": "Z02395321SCYI1K0FXKWB_minecraft.46ki75.com_A",
            "latency_routing_policy": [],
            "multivalue_answer_routing_policy": false,
            "name": "minecraft.46ki75.com",
            "records": [
              "157.7.202.115"
            ],
            "set_identifier": "",
            "ttl": 300,
            "type": "A",
            "weighted_routing_policy": [],
            "zone_id": "Z02395321SCYI1K0FXKWB"
          },
          "sensitive_attributes": [],
          "private": "eyJzY2hlbWFfdmVyc2lvbiI6IjIifQ==",
          "dependencies": [
            "module.records_46ki75_com.data.aws_route53_zone.this"
          ]
        },
        {
          "index_key": "phpmyadmin A",
          "schema_version": 2,
          "attributes": {
            "alias": [],
            "allow_overwrite": false,
            "cidr_routing_policy": [],
            "failover_routing_policy": [],
            "fqdn": "phpmyadmin.46ki75.com",
            "geolocation_routing_policy": [],
            "health_check_id": "",
            "id": "Z02395321SCYI1K0FXKWB_phpmyadmin.46ki75.com_A",
            "latency_routing_policy": [],
            "multivalue_answer_routing_policy": false,
            "name": "phpmyadmin.46ki75.com",
            "records": [
              "157.7.206.73"
            ],
            "set_identifier": "",
            "ttl": 300,
            "type": "A",
            "weighted_routing_policy": [],
            "zone_id": "Z02395321SCYI1K0FXKWB"
          },
          "sensitive_attributes": [],
          "private": "eyJzY2hlbWFfdmVyc2lvbiI6IjIifQ==",
          "dependencies": [
            "module.records_46ki75_com.data.aws_route53_zone.this"
          ]
        },
        {
          "index_key": "www A",
          "schema_version": 2,
          "attributes": {
            "alias": [],
            "allow_overwrite": false,
            "cidr_routing_policy": [],
            "failover_routing_policy": [],
            "fqdn": "www.46ki75.com",
            "geolocation_routing_policy": [],
            "health_check_id": "",
            "id": "Z02395321SCYI1K0FXKWB_www.46ki75.com_A",
            "latency_routing_policy": [],
            "multivalue_answer_routing_policy": false,
            "name": "www.46ki75.com",
            "records": [
              "157.7.206.73"
            ],
            "set_identifier": "",
            "ttl": 300,
            "type": "A",
            "weighted_routing_policy": [],
            "zone_id": "Z02395321SCYI1K0FXKWB"
          },
          "sensitive_attributes": [],
          "private": "eyJzY2hlbWFfdmVyc2lvbiI6IjIifQ==",
          "dependencies": [
            "module.records_46ki75_com.data.aws_route53_zone.this"
          ]
        }
      ]
    },
    {
      "module": "module.records_46ki75_link",
      "mode": "data",
      "type": "aws_route53_zone",
      "name": "this",
      "provider": "provider[\"registry.terraform.io/hashicorp/aws\"]",
      "instances": [
        {
          "index_key": 0,
          "schema_version": 0,
          "attributes": {
            "arn": "arn:aws:route53:::hostedzone/Z09663901T6CRI6YQ0D3G",
            "caller_reference": "fbdbd225-2edb-4c56-9157-dca995954f49",
            "comment": "This host zone's records are managed by Terraform, excluding SOA and NS records.",
            "id": "Z09663901T6CRI6YQ0D3G",
            "linked_service_description": null,
            "linked_service_principal": null,
            "name": "46ki75.link",
            "name_servers": [
              "ns-743.awsdns-28.net",
              "ns-309.awsdns-38.com",
              "ns-2045.awsdns-63.co.uk",
              "ns-1038.awsdns-01.org"
            ],
            "primary_name_server": "ns-743.awsdns-28.net",
            "private_zone": false,
            "resource_record_set_count": 5,
            "tags": {},
            "vpc_id": null,
            "zone_id": "Z09663901T6CRI6YQ0D3G"
          },
          "sensitive_attributes": []
        }
      ]
    },
    {
      "module": "module.records_46ki75_link",
      "mode": "managed",
      "type": "aws_route53_record",
      "name": "this",
      "provider": "provider[\"registry.terraform.io/hashicorp/aws\"]",
      "instances": [
        {
          "index_key": " A",
          "schema_version": 2,
          "attributes": {
            "alias": [],
            "allow_overwrite": false,
            "cidr_routing_policy": [],
            "failover_routing_policy": [],
            "fqdn": "46ki75.link",
            "geolocation_routing_policy": [],
            "health_check_id": "",
            "id": "Z09663901T6CRI6YQ0D3G_46ki75.link_A",
            "latency_routing_policy": [],
            "multivalue_answer_routing_policy": false,
            "name": "46ki75.link",
            "records": [
              "185.199.108.153",
              "185.199.109.153",
              "185.199.110.153",
              "185.199.111.153"
            ],
            "set_identifier": "",
            "ttl": 3600,
            "type": "A",
            "weighted_routing_policy": [],
            "zone_id": "Z09663901T6CRI6YQ0D3G"
          },
          "sensitive_attributes": [],
          "private": "eyJzY2hlbWFfdmVyc2lvbiI6IjIifQ==",
          "dependencies": [
            "module.records_46ki75_link.data.aws_route53_zone.this"
          ]
        },
        {
          "index_key": "_github-pages-challenge-46ki75 TXT",
          "schema_version": 2,
          "attributes": {
            "alias": [],
            "allow_overwrite": false,
            "cidr_routing_policy": [],
            "failover_routing_policy": [],
            "fqdn": "_github-pages-challenge-46ki75.46ki75.link",
            "geolocation_routing_policy": [],
            "health_check_id": "",
            "id": "Z09663901T6CRI6YQ0D3G__github-pages-challenge-46ki75.46ki75.link_TXT",
            "latency_routing_policy": [],
            "multivalue_answer_routing_policy": false,
            "name": "_github-pages-challenge-46ki75.46ki75.link",
            "records": [
              "bf36e1218e0252fe2cec73bb4184ec"
            ],
            "set_identifier": "",
            "ttl": 300,
            "type": "TXT",
            "weighted_routing_policy": [],
            "zone_id": "Z09663901T6CRI6YQ0D3G"
          },
          "sensitive_attributes": [],
          "private": "eyJzY2hlbWFfdmVyc2lvbiI6IjIifQ==",
          "dependencies": [
            "module.records_46ki75_link.data.aws_route53_zone.this"
          ]
        },
        {
          "index_key": "www CNAME",
          "schema_version": 2,
          "attributes": {
            "alias": [],
            "allow_overwrite": false,
            "cidr_routing_policy": [],
            "failover_routing_policy": [],
            "fqdn": "www.46ki75.link",
            "geolocation_routing_policy": [],
            "health_check_id": "",
            "id": "Z09663901T6CRI6YQ0D3G_www.46ki75.link_CNAME",
            "latency_routing_policy": [],
            "multivalue_answer_routing_policy": false,
            "name": "www.46ki75.link",
            "records": [
              "46ki75.github.io"
            ],
            "set_identifier": "",
            "ttl": 300,
            "type": "CNAME",
            "weighted_routing_policy": [],
            "zone_id": "Z09663901T6CRI6YQ0D3G"
          },
          "sensitive_attributes": [],
          "private": "eyJzY2hlbWFfdmVyc2lvbiI6IjIifQ==",
          "dependencies": [
            "module.records_46ki75_link.data.aws_route53_zone.this"
          ]
        }
      ]
    }
  ],
  "check_results": null
}
